<Solution>
  <Folder Name="/SQL/">
    <File Path="SQL/01_tables.sql" />
    <File Path="SQL/02_views.sql" />
    <File Path="SQL/03_procedures_functions.sql" />
    <File Path="SQL/04_triggers.sql" />
    <File Path="SQL/05_indexes.sql" />
    <File Path="SQL/06_sequences.sql" />
    <File Path="SQL/07_tablespaces_users.sql" />
    <File Path="SQL/08_ddl_generator.sql" />
  </Folder>
  <Project Path="src/DatabaseManager/DatabaseManager.csproj" Id="f100e49d-5a9a-44fc-a30a-adad75bafb9d" />
</Solution>
